
Microsoft Visual Studio Solution File, Format Version 12.00
# Visual Studio 2013
VisualStudioVersion = 12.0.30723.0
MinimumVisualStudioVersion = 10.0.40219.1
Project("{FAE04EC0-301F-11D3-BF4B-00C04F79EFBC}") = "BDWorkbook", "BDWorkbook\BDWorkbook.csproj", "{EE7240EC-1121-45CC-AA99-5DABDEB533FA}"
EndProject
Project("{FAE04EC0-301F-11D3-BF4B-00C04F79EFBC}") = "ResourceMetadata.API", "ResourceMetadata.API\ResourceMetadata.API.csproj", "{96093264-9F83-4489-ADBE-9A25FC0D40F2}"
EndProject
Project("{FAE04EC0-301F-11D3-BF4B-00C04F79EFBC}") = "DateAccess.Services", "DateAccess.Services\DateAccess.Services.csproj", "{D32C3402-14D1-487E-800D-6823DC5DE7D3}"
EndProject
Project("{FAE04EC0-301F-11D3-BF4B-00C04F79EFBC}") = "DataAccess.Services.UnitTests", "DataAccess.Services.UnitTests\DataAccess.Services.UnitTests.csproj", "{0B4EF691-093A-4B27-8108-0A905CC89934}"
EndProject
Project("{FAE04EC0-301F-11D3-BF4B-00C04F79EFBC}") = "DataAccess.EntityFramework", "DataAccess.EntityFramework\DataAccess.EntityFramework.csproj", "{68A2FD1A-0BC5-4CA7-A1F6-CF1B8220BD3B}"
EndProject
Project("{FAE04EC0-301F-11D3-BF4B-00C04F79EFBC}") = "DataAccess.Console", "DataAccess.Console\DataAccess.Console.csproj", "{E1EA83DE-CAEC-4896-B5B2-1420CD45F591}"
EndProject
Project("{FAE04EC0-301F-11D3-BF4B-00C04F79EFBC}") = "DataAccess.Common", "DataAccess.Common\DataAccess.Common.csproj", "{A3B36DFA-6708-4139-A94A-BCFD85D0D656}"
EndProject
Global
	GlobalSection(SolutionConfigurationPlatforms) = preSolution
		Debug|Any CPU = Debug|Any CPU
		Release|Any CPU = Release|Any CPU
	EndGlobalSection
	GlobalSection(ProjectConfigurationPlatforms) = postSolution
		{EE7240EC-1121-45CC-AA99-5DABDEB533FA}.Debug|Any CPU.ActiveCfg = Debug|Any CPU
		{EE7240EC-1121-45CC-AA99-5DABDEB533FA}.Debug|Any CPU.Build.0 = Debug|Any CPU
		{EE7240EC-1121-45CC-AA99-5DABDEB533FA}.Release|Any CPU.ActiveCfg = Release|Any CPU
		{EE7240EC-1121-45CC-AA99-5DABDEB533FA}.Release|Any CPU.Build.0 = Release|Any CPU
		{96093264-9F83-4489-ADBE-9A25FC0D40F2}.Debug|Any CPU.ActiveCfg = Debug|Any CPU
		{96093264-9F83-4489-ADBE-9A25FC0D40F2}.Debug|Any CPU.Build.0 = Debug|Any CPU
		{96093264-9F83-4489-ADBE-9A25FC0D40F2}.Release|Any CPU.ActiveCfg = Release|Any CPU
		{96093264-9F83-4489-ADBE-9A25FC0D40F2}.Release|Any CPU.Build.0 = Release|Any CPU
		{D32C3402-14D1-487E-800D-6823DC5DE7D3}.Debug|Any CPU.ActiveCfg = Debug|Any CPU
		{D32C3402-14D1-487E-800D-6823DC5DE7D3}.Debug|Any CPU.Build.0 = Debug|Any CPU
		{D32C3402-14D1-487E-800D-6823DC5DE7D3}.Release|Any CPU.ActiveCfg = Release|Any CPU
		{D32C3402-14D1-487E-800D-6823DC5DE7D3}.Release|Any CPU.Build.0 = Release|Any CPU
		{0B4EF691-093A-4B27-8108-0A905CC89934}.Debug|Any CPU.ActiveCfg = Debug|Any CPU
		{0B4EF691-093A-4B27-8108-0A905CC89934}.Debug|Any CPU.Build.0 = Debug|Any CPU
		{0B4EF691-093A-4B27-8108-0A905CC89934}.Release|Any CPU.ActiveCfg = Release|Any CPU
		{0B4EF691-093A-4B27-8108-0A905CC89934}.Release|Any CPU.Build.0 = Release|Any CPU
		{68A2FD1A-0BC5-4CA7-A1F6-CF1B8220BD3B}.Debug|Any CPU.ActiveCfg = Debug|Any CPU
		{68A2FD1A-0BC5-4CA7-A1F6-CF1B8220BD3B}.Debug|Any CPU.Build.0 = Debug|Any CPU
		{68A2FD1A-0BC5-4CA7-A1F6-CF1B8220BD3B}.Release|Any CPU.ActiveCfg = Release|Any CPU
		{68A2FD1A-0BC5-4CA7-A1F6-CF1B8220BD3B}.Release|Any CPU.Build.0 = Release|Any CPU
		{E1EA83DE-CAEC-4896-B5B2-1420CD45F591}.Debug|Any CPU.ActiveCfg = Debug|Any CPU
		{E1EA83DE-CAEC-4896-B5B2-1420CD45F591}.Debug|Any CPU.Build.0 = Debug|Any CPU
		{E1EA83DE-CAEC-4896-B5B2-1420CD45F591}.Release|Any CPU.ActiveCfg = Release|Any CPU
		{E1EA83DE-CAEC-4896-B5B2-1420CD45F591}.Release|Any CPU.Build.0 = Release|Any CPU
		{A3B36DFA-6708-4139-A94A-BCFD85D0D656}.Debug|Any CPU.ActiveCfg = Debug|Any CPU
		{A3B36DFA-6708-4139-A94A-BCFD85D0D656}.Debug|Any CPU.Build.0 = Debug|Any CPU
		{A3B36DFA-6708-4139-A94A-BCFD85D0D656}.Release|Any CPU.ActiveCfg = Release|Any CPU
		{A3B36DFA-6708-4139-A94A-BCFD85D0D656}.Release|Any CPU.Build.0 = Release|Any CPU
	EndGlobalSection
	GlobalSection(SolutionProperties) = preSolution
		HideSolutionNode = FALSE
	EndGlobalSection
EndGlobal
